// !$*UTF8*$!
{
	archiveVersion = 1;
	classes = {
	};
	objectVersion = 77;
	objects = {

/* Begin PBXBuildFile section */
		D304D2842DB544D00031F6D7 /* ActivityKit.framework in Frameworks */ = {isa = PBXBuildFile; fileRef = D304D2832DB544D00031F6D7 /* ActivityKit.framework */; };
		D312062A2DB444F100A89741 /* WidgetKit.framework in Frameworks */ = {isa = PBXBuildFile; fileRef = D31206292DB444F100A89741 /* WidgetKit.framework */; };
		D312062C2DB444F100A89741 /* SwiftUI.framework in Frameworks */ = {isa = PBXBuildFile; fileRef = D312062B2DB444F100A89741 /* SwiftUI.framework */; };
		D312063D2DB444F300A89741 /* DynamicTimeWidgetExtension.appex in Embed Foundation Extensions */ = {isa = PBXBuildFile; fileRef = D31206272DB444F100A89741 /* DynamicTimeWidgetExtension.appex */; settings = {ATTRIBUTES = (RemoveHeadersOnCopy, ); }; };
/* End PBXBuildFile section */

/* Begin PBXContainerItemProxy section */
		D312063B2DB444F300A89741 /* PBXContainerItemProxy */ = {
			isa = PBXContainerItemProxy;
			containerPortal = D3C03CCB2DB440CC002E1171 /* Project object */;
			proxyType = 1;
			remoteGlobalIDString = D31206262DB444F100A89741;
			remoteInfo = DynamicTimeWidgetExtension;
		};
		D3C03CE12DB440CE002E1171 /* PBXContainerItemProxy */ = {
			isa = PBXContainerItemProxy;
			containerPortal = D3C03CCB2DB440CC002E1171 /* Project object */;
			proxyType = 1;
			remoteGlobalIDString = D3C03CD22DB440CC002E1171;
			remoteInfo = DynamicTime;
		};
		D3C03CEB2DB440CE002E1171 /* PBXContainerItemProxy */ = {
			isa = PBXContainerItemProxy;
			containerPortal = D3C03CCB2DB440CC002E1171 /* Project object */;
			proxyType = 1;
			remoteGlobalIDString = D3C03CD22DB440CC002E1171;
			remoteInfo = DynamicTime;
		};
/* End PBXContainerItemProxy section */

/* Begin PBXCopyFilesBuildPhase section */
		D31206422DB444F300A89741 /* Embed Foundation Extensions */ = {
			isa = PBXCopyFilesBuildPhase;
			buildActionMask = 2147483647;
			dstPath = "";
			dstSubfolderSpec = 13;
			files = (
				D312063D2DB444F300A89741 /* DynamicTimeWidgetExtension.appex in Embed Foundation Extensions */,
			);
			name = "Embed Foundation Extensions";
			runOnlyForDeploymentPostprocessing = 0;
		};
/* End PBXCopyFilesBuildPhase section */

/* Begin PBXFileReference section */
		D304D2832DB544D00031F6D7 /* ActivityKit.framework */ = {isa = PBXFileReference; lastKnownFileType = wrapper.framework; name = ActivityKit.framework; path = System/Library/Frameworks/ActivityKit.framework; sourceTree = SDKROOT; };
		D31206272DB444F100A89741 /* DynamicTimeWidgetExtension.appex */ = {isa = PBXFileReference; explicitFileType = "wrapper.app-extension"; includeInIndex = 0; path = DynamicTimeWidgetExtension.appex; sourceTree = BUILT_PRODUCTS_DIR; };
		D31206292DB444F100A89741 /* WidgetKit.framework */ = {isa = PBXFileReference; lastKnownFileType = wrapper.framework; name = WidgetKit.framework; path = System/Library/Frameworks/WidgetKit.framework; sourceTree = SDKROOT; };
		D312062B2DB444F100A89741 /* SwiftUI.framework */ = {isa = PBXFileReference; lastKnownFileType = wrapper.framework; name = SwiftUI.framework; path = System/Library/Frameworks/SwiftUI.framework; sourceTree = SDKROOT; };
		D3C03CD32DB440CC002E1171 /* DynamicTime.app */ = {isa = PBXFileReference; explicitFileType = wrapper.application; includeInIndex = 0; path = DynamicTime.app; sourceTree = BUILT_PRODUCTS_DIR; };
		D3C03CE02DB440CE002E1171 /* DynamicTimeTests.xctest */ = {isa = PBXFileReference; explicitFileType = wrapper.cfbundle; includeInIndex = 0; path = DynamicTimeTests.xctest; sourceTree = BUILT_PRODUCTS_DIR; };
		D3C03CEA2DB440CE002E1171 /* DynamicTimeUITests.xctest */ = {isa = PBXFileReference; explicitFileType = wrapper.cfbundle; includeInIndex = 0; path = DynamicTimeUITests.xctest; sourceTree = BUILT_PRODUCTS_DIR; };
/* End PBXFileReference section */

/* Begin PBXFileSystemSynchronizedBuildFileExceptionSet section */
		D312063E2DB444F300A89741 /* Exceptions for "DynamicTimeWidget" folder in "DynamicTimeWidgetExtension" target */ = {
			isa = PBXFileSystemSynchronizedBuildFileExceptionSet;
			membershipExceptions = (
				Info.plist,
			);
			target = D31206262DB444F100A89741 /* DynamicTimeWidgetExtension */;
		};
		D31206462DB4482E00A89741 /* Exceptions for "DynamicTime" folder in "DynamicTimeWidgetExtension" target */ = {
			isa = PBXFileSystemSynchronizedBuildFileExceptionSet;
			membershipExceptions = (
				TimeAttributes.swift,
			);
			target = D31206262DB444F100A89741 /* DynamicTimeWidgetExtension */;
		};
/* End PBXFileSystemSynchronizedBuildFileExceptionSet section */

/* Begin PBXFileSystemSynchronizedRootGroup section */
		D312062D2DB444F100A89741 /* DynamicTimeWidget */ = {
			isa = PBXFileSystemSynchronizedRootGroup;
			exceptions = (
				D312063E2DB444F300A89741 /* Exceptions for "DynamicTimeWidget" folder in "DynamicTimeWidgetExtension" target */,
			);
			path = DynamicTimeWidget;
			sourceTree = "<group>";
		};
		D3C03CD52DB440CC002E1171 /* DynamicTime */ = {
			isa = PBXFileSystemSynchronizedRootGroup;
			exceptions = (
				D31206462DB4482E00A89741 /* Exceptions for "DynamicTime" folder in "DynamicTimeWidgetExtension" target */,
			);
			path = DynamicTime;
			sourceTree = "<group>";
		};
		D3C03CE32DB440CE002E1171 /* DynamicTimeTests */ = {
			isa = PBXFileSystemSynchronizedRootGroup;
			path = DynamicTimeTests;
			sourceTree = "<group>";
		};
		D3C03CED2DB440CE002E1171 /* DynamicTimeUITests */ = {
			isa = PBXFileSystemSynchronizedRootGroup;
			path = DynamicTimeUITests;
			sourceTree = "<group>";
		};
/* End PBXFileSystemSynchronizedRootGroup section */

/* Begin PBXFrameworksBuildPhase section */
		D31206242DB444F100A89741 /* Frameworks */ = {
			isa = PBXFrameworksBuildPhase;
			buildActionMask = 2147483647;
			files = (
				D304D2842DB544D00031F6D7 /* ActivityKit.framework in Frameworks */,
				D312062C2DB444F100A89741 /* SwiftUI.framework in Frameworks */,
				D312062A2DB444F100A89741 /* WidgetKit.framework in Frameworks */,
			);
			runOnlyForDeploymentPostprocessing = 0;
		};
		D3C03CD02DB440CC002E1171 /* Frameworks */ = {
			isa = PBXFrameworksBuildPhase;
			buildActionMask = 2147483647;
			files = (
			);
			runOnlyForDeploymentPostprocessing = 0;
		};
		D3C03CDD2DB440CE002E1171 /* Frameworks */ = {
			isa = PBXFrameworksBuildPhase;
			buildActionMask = 2147483647;
			files = (
			);
			runOnlyForDeploymentPostprocessing = 0;
		};
		D3C03CE72DB440CE002E1171 /* Frameworks */ = {
			isa = PBXFrameworksBuildPhase;
			buildActionMask = 2147483647;
			files = (
			);
			runOnlyForDeploymentPostprocessing = 0;
		};
/* End PBXFrameworksBuildPhase section */

/* Begin PBXGroup section */
		D31206282DB444F100A89741 /* Frameworks */ = {
			isa = PBXGroup;
			children = (
				D304D2832DB544D00031F6D7 /* ActivityKit.framework */,
				D31206292DB444F100A89741 /* WidgetKit.framework */,
				D312062B2DB444F100A89741 /* SwiftUI.framework */,
			);
			name = Frameworks;
			sourceTree = "<group>";
		};
		D3C03CCA2DB440CC002E1171 = {
			isa = PBXGroup;
			children = (
				D3C03CD52DB440CC002E1171 /* DynamicTime */,
				D3C03CE32DB440CE002E1171 /* DynamicTimeTests */,
				D3C03CED2DB440CE002E1171 /* DynamicTimeUITests */,
				D312062D2DB444F100A89741 /* DynamicTimeWidget */,
				D31206282DB444F100A89741 /* Frameworks */,
				D3C03CD42DB440CC002E1171 /* Products */,
			);
			sourceTree = "<group>";
		};
		D3C03CD42DB440CC002E1171 /* Products */ = {
			isa = PBXGroup;
			children = (
				D3C03CD32DB440CC002E1171 /* DynamicTime.app */,
				D3C03CE02DB440CE002E1171 /* DynamicTimeTests.xctest */,
				D3C03CEA2DB440CE002E1171 /* DynamicTimeUITests.xctest */,
				D31206272DB444F100A89741 /* DynamicTimeWidgetExtension.appex */,
			);
			name = Products;
			sourceTree = "<group>";
		};
/* End PBXGroup section */

/* Begin PBXNativeTarget section */
		D31206262DB444F100A89741 /* DynamicTimeWidgetExtension */ = {
			isa = PBXNativeTarget;
			buildConfigurationList = D312063F2DB444F300A89741 /* Build configuration list for PBXNativeTarget "DynamicTimeWidgetExtension" */;
			buildPhases = (
				D31206232DB444F100A89741 /* Sources */,
				D31206242DB444F100A89741 /* Frameworks */,
				D31206252DB444F100A89741 /* Resources */,
			);
			buildRules = (
			);
			dependencies = (
			);
			fileSystemSynchronizedGroups = (
				D312062D2DB444F100A89741 /* DynamicTimeWidget */,
			);
			name = DynamicTimeWidgetExtension;
			packageProductDependencies = (
			);
			productName = DynamicTimeWidgetExtension;
			productReference = D31206272DB444F100A89741 /* DynamicTimeWidgetExtension.appex */;
			productType = "com.apple.product-type.app-extension";
		};
		D3C03CD22DB440CC002E1171 /* DynamicTime */ = {
			isa = PBXNativeTarget;
			buildConfigurationList = D3C03CF42DB440CE002E1171 /* Build configuration list for PBXNativeTarget "DynamicTime" */;
			buildPhases = (
				D3C03CCF2DB440CC002E1171 /* Sources */,
				D3C03CD02DB440CC002E1171 /* Frameworks */,
				D3C03CD12DB440CC002E1171 /* Resources */,
				D31206422DB444F300A89741 /* Embed Foundation Extensions */,
			);
			buildRules = (
			);
			dependencies = (
				D312063C2DB444F300A89741 /* PBXTargetDependency */,
			);
			fileSystemSynchronizedGroups = (
				D3C03CD52DB440CC002E1171 /* DynamicTime */,
			);
			name = DynamicTime;
			packageProductDependencies = (
			);
			productName = DynamicTime;
			productReference = D3C03CD32DB440CC002E1171 /* DynamicTime.app */;
			productType = "com.apple.product-type.application";
		};
		D3C03CDF2DB440CE002E1171 /* DynamicTimeTests */ = {
			isa = PBXNativeTarget;
			buildConfigurationList = D3C03CF72DB440CE002E1171 /* Build configuration list for PBXNativeTarget "DynamicTimeTests" */;
			buildPhases = (
				D3C03CDC2DB440CE002E1171 /* Sources */,
				D3C03CDD2DB440CE002E1171 /* Frameworks */,
				D3C03CDE2DB440CE002E1171 /* Resources */,
			);
			buildRules = (
			);
			dependencies = (
				D3C03CE22DB440CE002E1171 /* PBXTargetDependency */,
			);
			fileSystemSynchronizedGroups = (
				D3C03CE32DB440CE002E1171 /* DynamicTimeTests */,
			);
			name = DynamicTimeTests;
			packageProductDependencies = (
			);
			productName = DynamicTimeTests;
			productReference = D3C03CE02DB440CE002E1171 /* DynamicTimeTests.xctest */;
			productType = "com.apple.product-type.bundle.unit-test";
		};
		D3C03CE92DB440CE002E1171 /* DynamicTimeUITests */ = {
			isa = PBXNativeTarget;
			buildConfigurationList = D3C03CFA2DB440CE002E1171 /* Build configuration list for PBXNativeTarget "DynamicTimeUITests" */;
			buildPhases = (
				D3C03CE62DB440CE002E1171 /* Sources */,
				D3C03CE72DB440CE002E1171 /* Frameworks */,
				D3C03CE82DB440CE002E1171 /* Resources */,
			);
			buildRules = (
			);
			dependencies = (
				D3C03CEC2DB440CE002E1171 /* PBXTargetDependency */,
			);
			fileSystemSynchronizedGroups = (
				D3C03CED2DB440CE002E1171 /* DynamicTimeUITests */,
			);
			name = DynamicTimeUITests;
			packageProductDependencies = (
			);
			productName = DynamicTimeUITests;
			productReference = D3C03CEA2DB440CE002E1171 /* DynamicTimeUITests.xctest */;
			productType = "com.apple.product-type.bundle.ui-testing";
		};
/* End PBXNativeTarget section */

/* Begin PBXProject section */
		D3C03CCB2DB440CC002E1171 /* Project object */ = {
			isa = PBXProject;
			attributes = {
				BuildIndependentTargetsInParallel = 1;
				LastSwiftUpdateCheck = 1630;
				LastUpgradeCheck = 1630;
				TargetAttributes = {
					D31206262DB444F100A89741 = {
						CreatedOnToolsVersion = 16.3;
					};
					D3C03CD22DB440CC002E1171 = {
						CreatedOnToolsVersion = 16.3;
					};
					D3C03CDF2DB440CE002E1171 = {
						CreatedOnToolsVersion = 16.3;
						TestTargetID = D3C03CD22DB440CC002E1171;
					};
					D3C03CE92DB440CE002E1171 = {
						CreatedOnToolsVersion = 16.3;
						TestTargetID = D3C03CD22DB440CC002E1171;
					};
				};
			};
			buildConfigurationList = D3C03CCE2DB440CC002E1171 /* Build configuration list for PBXProject "DynamicTime" */;
			developmentRegion = en;
			hasScannedForEncodings = 0;
			knownRegions = (
				en,
				Base,
			);
			mainGroup = D3C03CCA2DB440CC002E1171;
			minimizedProjectReferenceProxies = 1;
			preferredProjectObjectVersion = 77;
			productRefGroup = D3C03CD42DB440CC002E1171 /* Products */;
			projectDirPath = "";
			projectRoot = "";
			targets = (
				D3C03CD22DB440CC002E1171 /* DynamicTime */,
				D3C03CDF2DB440CE002E1171 /* DynamicTimeTests */,
				D3C03CE92DB440CE002E1171 /* DynamicTimeUITests */,
				D31206262DB444F100A89741 /* DynamicTimeWidgetExtension */,
			);
		};
/* End PBXProject section */

/* Begin PBXResourcesBuildPhase section */
		D31206252DB444F100A89741 /* Resources */ = {
			isa = PBXResourcesBuildPhase;
			buildActionMask = 2147483647;
			files = (
			);
			runOnlyForDeploymentPostprocessing = 0;
		};
		D3C03CD12DB440CC002E1171 /* Resources */ = {
			isa = PBXResourcesBuildPhase;
			buildActionMask = 2147483647;
			files = (
			);
			runOnlyForDeploymentPostprocessing = 0;
		};
		D3C03CDE2DB440CE002E1171 /* Resources */ = {
			isa = PBXResourcesBuildPhase;
			buildActionMask = 2147483647;
			files = (
			);
			runOnlyForDeploymentPostprocessing = 0;
		};
		D3C03CE82DB440CE002E1171 /* Resources */ = {
			isa = PBXResourcesBuildPhase;
			buildActionMask = 2147483647;
			files = (
			);
			runOnlyForDeploymentPostprocessing = 0;
		};
/* End PBXResourcesBuildPhase section */

/* Begin PBXSourcesBuildPhase section */
		D31206232DB444F100A89741 /* Sources */ = {
			isa = PBXSourcesBuildPhase;
			buildActionMask = 2147483647;
			files = (
			);
			runOnlyForDeploymentPostprocessing = 0;
		};
		D3C03CCF2DB440CC002E1171 /* Sources */ = {
			isa = PBXSourcesBuildPhase;
			buildActionMask = 2147483647;
			files = (
			);
			runOnlyForDeploymentPostprocessing = 0;
		};
		D3C03CDC2DB440CE002E1171 /* Sources */ = {
			isa = PBXSourcesBuildPhase;
			buildActionMask = 2147483647;
			files = (
			);
			runOnlyForDeploymentPostprocessing = 0;
		};
		D3C03CE62DB440CE002E1171 /* Sources */ = {
			isa = PBXSourcesBuildPhase;
			buildActionMask = 2147483647;
			files = (
			);
			runOnlyForDeploymentPostprocessing = 0;
		};
/* End PBXSourcesBuildPhase section */

/* Begin PBXTargetDependency section */
		D312063C2DB444F300A89741 /* PBXTargetDependency */ = {
			isa = PBXTargetDependency;
			target = D31206262DB444F100A89741 /* DynamicTimeWidgetExtension */;
			targetProxy = D312063B2DB444F300A89741 /* PBXContainerItemProxy */;
		};
		D3C03CE22DB440CE002E1171 /* PBXTargetDependency */ = {
			isa = PBXTargetDependency;
			target = D3C03CD22DB440CC002E1171 /* DynamicTime */;
			targetProxy = D3C03CE12DB440CE002E1171 /* PBXContainerItemProxy */;
		};
		D3C03CEC2DB440CE002E1171 /* PBXTargetDependency */ = {
			isa = PBXTargetDependency;
			target = D3C03CD22DB440CC002E1171 /* DynamicTime */;
			targetProxy = D3C03CEB2DB440CE002E1171 /* PBXContainerItemProxy */;
		};
/* End PBXTargetDependency section */

/* Begin XCBuildConfiguration section */
		D31206402DB444F300A89741 /* Debug */ = {
			isa = XCBuildConfiguration;
			buildSettings = {
				ASSETCATALOG_COMPILER_GLOBAL_ACCENT_COLOR_NAME = AccentColor;
				ASSETCATALOG_COMPILER_WIDGET_BACKGROUND_COLOR_NAME = WidgetBackground;
				CODE_SIGN_STYLE = Automatic;
				CURRENT_PROJECT_VERSION = 1;
				DEVELOPMENT_TEAM = R29WN6MCN4;
				GENERATE_INFOPLIST_FILE = YES;
				INFOPLIST_FILE = DynamicTimeWidget/Info.plist;
				INFOPLIST_KEY_CFBundleDisplayName = DynamicTimeWidget;
				INFOPLIST_KEY_NSHumanReadableCopyright = "";
				INFOPLIST_KEY_NSSupportsLiveActivities = YES;
				IPHONEOS_DEPLOYMENT_TARGET = 18.0;
				LD_RUNPATH_SEARCH_PATHS = (
					"$(inherited)",
					"@executable_path/Frameworks",
					"@executable_path/../../Frameworks",
				);
				MARKETING_VERSION = 1.0;
				PRODUCT_BUNDLE_IDENTIFIER = com.albertopaz.DynamicTime.DynamicTimeWidget;
				PRODUCT_NAME = "$(TARGET_NAME)";
				SKIP_INSTALL = YES;
				SWIFT_EMIT_LOC_STRINGS = YES;
				SWIFT_VERSION = 5.0;
				TARGETED_DEVICE_FAMILY = "1,2";
			};
			name = Debug;
		};
		D31206412DB444F300A89741 /* Release */ = {
			isa = XCBuildConfiguration;
			buildSettings = {
				ASSETCATALOG_COMPILER_GLOBAL_ACCENT_COLOR_NAME = AccentColor;
				ASSETCATALOG_COMPILER_WIDGET_BACKGROUND_COLOR_NAME = WidgetBackground;
				CODE_SIGN_STYLE = Automatic;
				CURRENT_PROJECT_VERSION = 1;
				DEVELOPMENT_TEAM = R29WN6MCN4;
				GENERATE_INFOPLIST_FILE = YES;
				INFOPLIST_FILE = DynamicTimeWidget/Info.plist;
				INFOPLIST_KEY_CFBundleDisplayName = DynamicTimeWidget;
				INFOPLIST_KEY_NSHumanReadableCopyright = "";
				INFOPLIST_KEY_NSSupportsLiveActivities = YES;
				IPHONEOS_DEPLOYMENT_TARGET = 18.0;
				LD_RUNPATH_SEARCH_PATHS = (
					"$(inherited)",
					"@executable_path/Frameworks",
					"@executable_path/../../Frameworks",
				);
				MARKETING_VERSION = 1.0;
				PRODUCT_BUNDLE_IDENTIFIER = com.albertopaz.DynamicTime.DynamicTimeWidget;
				PRODUCT_NAME = "$(TARGET_NAME)";
				SKIP_INSTALL = YES;
				SWIFT_EMIT_LOC_STRINGS = YES;
				SWIFT_VERSION = 5.0;
				TARGETED_DEVICE_FAMILY = "1,2";
			};
			name = Release;
		};
		D3C03CF22DB440CE002E1171 /* Debug */ = {
			isa = XCBuildConfiguration;
			buildSettings = {
				ALWAYS_SEARCH_USER_PATHS = NO;
				ASSETCATALOG_COMPILER_GENERATE_SWIFT_ASSET_SYMBOL_EXTENSIONS = YES;
				CLANG_ANALYZER_NONNULL = YES;
				CLANG_ANALYZER_NUMBER_OBJECT_CONVERSION = YES_AGGRESSIVE;
				CLANG_CXX_LANGUAGE_STANDARD = "gnu++20";
				CLANG_ENABLE_MODULES = YES;
				CLANG_ENABLE_OBJC_ARC = YES;
				CLANG_ENABLE_OBJC_WEAK = YES;
				CLANG_WARN_BLOCK_CAPTURE_AUTORELEASING = YES;
				CLANG_WARN_BOOL_CONVERSION = YES;
				CLANG_WARN_COMMA = YES;
				CLANG_WARN_CONSTANT_CONVERSION = YES;
				CLANG_WARN_DEPRECATED_OBJC_IMPLEMENTATIONS = YES;
				CLANG_WARN_DIRECT_OBJC_ISA_USAGE = YES_ERROR;
				CLANG_WARN_DOCUMENTATION_COMMENTS = YES;
				CLANG_WARN_EMPTY_BODY = YES;
				CLANG_WARN_ENUM_CONVERSION = YES;
				CLANG_WARN_INFINITE_RECURSION = YES;
				CLANG_WARN_INT_CONVERSION = YES;
				CLANG_WARN_NON_LITERAL_NULL_CONVERSION = YES;
				CLANG_WARN_OBJC_IMPLICIT_RETAIN_SELF = YES;
				CLANG_WARN_OBJC_LITERAL_CONVERSION = YES;
				CLANG_WARN_OBJC_ROOT_CLASS = YES_ERROR;
				CLANG_WARN_QUOTED_INCLUDE_IN_FRAMEWORK_HEADER = YES;
				CLANG_WARN_RANGE_LOOP_ANALYSIS = YES;
				CLANG_WARN_STRICT_PROTOTYPES = YES;
				CLANG_WARN_SUSPICIOUS_MOVE = YES;
				CLANG_WARN_UNGUARDED_AVAILABILITY = YES_AGGRESSIVE;
				CLANG_WARN_UNREACHABLE_CODE = YES;
				CLANG_WARN__DUPLICATE_METHOD_MATCH = YES;
				COPY_PHASE_STRIP = NO;
				DEBUG_INFORMATION_FORMAT = dwarf;
				DEVELOPMENT_TEAM = R29WN6MCN4;
				ENABLE_STRICT_OBJC_MSGSEND = YES;
				ENABLE_TESTABILITY = YES;
				ENABLE_USER_SCRIPT_SANDBOXING = YES;
				GCC_C_LANGUAGE_STANDARD = gnu17;
				GCC_DYNAMIC_NO_PIC = NO;
				GCC_NO_COMMON_BLOCKS = YES;
				GCC_OPTIMIZATION_LEVEL = 0;
				GCC_PREPROCESSOR_DEFINITIONS = (
					"DEBUG=1",
					"$(inherited)",
				);
				GCC_WARN_64_TO_32_BIT_CONVERSION = YES;
				GCC_WARN_ABOUT_RETURN_TYPE = YES_ERROR;
				GCC_WARN_UNDECLARED_SELECTOR = YES;
				GCC_WARN_UNINITIALIZED_AUTOS = YES_AGGRESSIVE;
				GCC_WARN_UNUSED_FUNCTION = YES;
				GCC_WARN_UNUSED_VARIABLE = YES;
				IPHONEOS_DEPLOYMENT_TARGET = 18.0;
				LOCALIZATION_PREFERS_STRING_CATALOGS = YES;
				MTL_ENABLE_DEBUG_INFO = INCLUDE_SOURCE;
				MTL_FAST_MATH = YES;
				ONLY_ACTIVE_ARCH = YES;
				SDKROOT = iphoneos;
				SWIFT_ACTIVE_COMPILATION_CONDITIONS = "DEBUG $(inherited)";
				SWIFT_OPTIMIZATION_LEVEL = "-Onone";
			};
			name = Debug;
		};
		D3C03CF32DB440CE002E1171 /* Release */ = {
			isa = XCBuildConfiguration;
			buildSettings = {
				ALWAYS_SEARCH_USER_PATHS = NO;
				ASSETCATALOG_COMPILER_GENERATE_SWIFT_ASSET_SYMBOL_EXTENSIONS = YES;
				CLANG_ANALYZER_NONNULL = YES;
				CLANG_ANALYZER_NUMBER_OBJECT_CONVERSION = YES_AGGRESSIVE;
				CLANG_CXX_LANGUAGE_STANDARD = "gnu++20";
				CLANG_ENABLE_MODULES = YES;
				CLANG_ENABLE_OBJC_ARC = YES;
				CLANG_ENABLE_OBJC_WEAK = YES;
				CLANG_WARN_BLOCK_CAPTURE_AUTORELEASING = YES;
				CLANG_WARN_BOOL_CONVERSION = YES;
				CLANG_WARN_COMMA = YES;
				CLANG_WARN_CONSTANT_CONVERSION = YES;
				CLANG_WARN_DEPRECATED_OBJC_IMPLEMENTATIONS = YES;
				CLANG_WARN_DIRECT_OBJC_ISA_USAGE = YES_ERROR;
				CLANG_WARN_DOCUMENTATION_COMMENTS = YES;
				CLANG_WARN_EMPTY_BODY = YES;
				CLANG_WARN_ENUM_CONVERSION = YES;
				CLANG_WARN_INFINITE_RECURSION = YES;
				CLANG_WARN_INT_CONVERSION = YES;
				CLANG_WARN_NON_LITERAL_NULL_CONVERSION = YES;
				CLANG_WARN_OBJC_IMPLICIT_RETAIN_SELF = YES;
				CLANG_WARN_OBJC_LITERAL_CONVERSION = YES;
				CLANG_WARN_OBJC_ROOT_CLASS = YES_ERROR;
				CLANG_WARN_QUOTED_INCLUDE_IN_FRAMEWORK_HEADER = YES;
				CLANG_WARN_RANGE_LOOP_ANALYSIS = YES;
				CLANG_WARN_STRICT_PROTOTYPES = YES;
				CLANG_WARN_SUSPICIOUS_MOVE = YES;
				CLANG_WARN_UNGUARDED_AVAILABILITY = YES_AGGRESSIVE;
				CLANG_WARN_UNREACHABLE_CODE = YES;
				CLANG_WARN__DUPLICATE_METHOD_MATCH = YES;
				COPY_PHASE_STRIP = NO;
				DEBUG_INFORMATION_FORMAT = "dwarf-with-dsym";
				DEVELOPMENT_TEAM = R29WN6MCN4;
				ENABLE_NS_ASSERTIONS = NO;
				ENABLE_STRICT_OBJC_MSGSEND = YES;
				ENABLE_USER_SCRIPT_SANDBOXING = YES;
				GCC_C_LANGUAGE_STANDARD = gnu17;
				GCC_NO_COMMON_BLOCKS = YES;
				GCC_WARN_64_TO_32_BIT_CONVERSION = YES;
				GCC_WARN_ABOUT_RETURN_TYPE = YES_ERROR;
				GCC_WARN_UNDECLARED_SELECTOR = YES;
				GCC_WARN_UNINITIALIZED_AUTOS = YES_AGGRESSIVE;
				GCC_WARN_UNUSED_FUNCTION = YES;
				GCC_WARN_UNUSED_VARIABLE = YES;
				IPHONEOS_DEPLOYMENT_TARGET = 18.0;
				LOCALIZATION_PREFERS_STRING_CATALOGS = YES;
				MTL_ENABLE_DEBUG_INFO = NO;
				MTL_FAST_MATH = YES;
				SDKROOT = iphoneos;
				SWIFT_COMPILATION_MODE = wholemodule;
				VALIDATE_PRODUCT = YES;
			};
			name = Release;
		};
		D3C03CF52DB440CE002E1171 /* Debug */ = {
			isa = XCBuildConfiguration;
			buildSettings = {
				ASSETCATALOG_COMPILER_APPICON_NAME = AppIcon;
				ASSETCATALOG_COMPILER_GLOBAL_ACCENT_COLOR_NAME = AccentColor;
				CODE_SIGN_STYLE = Automatic;
				CURRENT_PROJECT_VERSION = 1;
				DEVELOPMENT_TEAM = R29WN6MCN4;
				ENABLE_PREVIEWS = YES;
				GENERATE_INFOPLIST_FILE = YES;
				INFOPLIST_KEY_NSSupportsLiveActivities = YES;
				INFOPLIST_KEY_UIApplicationSceneManifest_Generation = YES;
				INFOPLIST_KEY_UIApplicationSupportsIndirectInputEvents = YES;
				INFOPLIST_KEY_UILaunchScreen_Generation = YES;
				INFOPLIST_KEY_UISupportedInterfaceOrientations_iPad = "UIInterfaceOrientationPortrait UIInterfaceOrientationPortraitUpsideDown UIInterfaceOrientationLandscapeLeft UIInterfaceOrientationLandscapeRight";
				INFOPLIST_KEY_UISupportedInterfaceOrientations_iPhone = "UIInterfaceOrientationPortrait UIInterfaceOrientationLandscapeLeft UIInterfaceOrientationLandscapeRight";
				IPHONEOS_DEPLOYMENT_TARGET = 18.0;
				LD_RUNPATH_SEARCH_PATHS = (
					"$(inherited)",
					"@executable_path/Frameworks",
				);
				MARKETING_VERSION = 1.0;
				PRODUCT_BUNDLE_IDENTIFIER = com.albertopaz.DynamicTime;
				PRODUCT_NAME = "$(TARGET_NAME)";
				SWIFT_EMIT_LOC_STRINGS = YES;
				SWIFT_VERSION = 5.0;
				TARGETED_DEVICE_FAMILY = "1,2";
			};
			name = Debug;
		};
		D3C03CF62DB440CE002E1171 /* Release */ = {
			isa = XCBuildConfiguration;
			buildSettings = {
				ASSETCATALOG_COMPILER_APPICON_NAME = AppIcon;
				ASSETCATALOG_COMPILER_GLOBAL_ACCENT_COLOR_NAME = AccentColor;
				CODE_SIGN_STYLE = Automatic;
				CURRENT_PROJECT_VERSION = 1;
				DEVELOPMENT_TEAM = R29WN6MCN4;
				ENABLE_PREVIEWS = YES;
				GENERATE_INFOPLIST_FILE = YES;
				INFOPLIST_KEY_NSSupportsLiveActivities = YES;
				INFOPLIST_KEY_UIApplicationSceneManifest_Generation = YES;
				INFOPLIST_KEY_UIApplicationSupportsIndirectInputEvents = YES;
				INFOPLIST_KEY_UILaunchScreen_Generation = YES;
				INFOPLIST_KEY_UISupportedInterfaceOrientations_iPad = "UIInterfaceOrientationPortrait UIInterfaceOrientationPortraitUpsideDown UIInterfaceOrientationLandscapeLeft UIInterfaceOrientationLandscapeRight";
				INFOPLIST_KEY_UISupportedInterfaceOrientations_iPhone = "UIInterfaceOrientationPortrait UIInterfaceOrientationLandscapeLeft UIInterfaceOrientationLandscapeRight";
				IPHONEOS_DEPLOYMENT_TARGET = 18.0;
				LD_RUNPATH_SEARCH_PATHS = (
					"$(inherited)",
					"@executable_path/Frameworks",
				);
				MARKETING_VERSION = 1.0;
				PRODUCT_BUNDLE_IDENTIFIER = com.albertopaz.DynamicTime;
				PRODUCT_NAME = "$(TARGET_NAME)";
				SWIFT_EMIT_LOC_STRINGS = YES;
				SWIFT_VERSION = 5.0;
				TARGETED_DEVICE_FAMILY = "1,2";
			};
			name = Release;
		};
		D3C03CF82DB440CE002E1171 /* Debug */ = {
			isa = XCBuildConfiguration;
			buildSettings = {
				BUNDLE_LOADER = "$(TEST_HOST)";
				CODE_SIGN_STYLE = Automatic;
				CURRENT_PROJECT_VERSION = 1;
				DEVELOPMENT_TEAM = R29WN6MCN4;
				GENERATE_INFOPLIST_FILE = YES;
				IPHONEOS_DEPLOYMENT_TARGET = 18.0;
				MARKETING_VERSION = 1.0;
				PRODUCT_BUNDLE_IDENTIFIER = com.albertopaz.DynamicTimeTests;
				PRODUCT_NAME = "$(TARGET_NAME)";
				SWIFT_EMIT_LOC_STRINGS = NO;
				SWIFT_VERSION = 5.0;
				TARGETED_DEVICE_FAMILY = "1,2";
				TEST_HOST = "$(BUILT_PRODUCTS_DIR)/DynamicTime.app/$(BUNDLE_EXECUTABLE_FOLDER_PATH)/DynamicTime";
			};
			name = Debug;
		};
		D3C03CF92DB440CE002E1171 /* Release */ = {
			isa = XCBuildConfiguration;
			buildSettings = {
				BUNDLE_LOADER = "$(TEST_HOST)";
				CODE_SIGN_STYLE = Automatic;
				CURRENT_PROJECT_VERSION = 1;
				DEVELOPMENT_TEAM = R29WN6MCN4;
				GENERATE_INFOPLIST_FILE = YES;
				IPHONEOS_DEPLOYMENT_TARGET = 18.0;
				MARKETING_VERSION = 1.0;
				PRODUCT_BUNDLE_IDENTIFIER = com.albertopaz.DynamicTimeTests;
				PRODUCT_NAME = "$(TARGET_NAME)";
				SWIFT_EMIT_LOC_STRINGS = NO;
				SWIFT_VERSION = 5.0;
				TARGETED_DEVICE_FAMILY = "1,2";
				TEST_HOST = "$(BUILT_PRODUCTS_DIR)/DynamicTime.app/$(BUNDLE_EXECUTABLE_FOLDER_PATH)/DynamicTime";
			};
			name = Release;
		};
		D3C03CFB2DB440CE002E1171 /* Debug */ = {
			isa = XCBuildConfiguration;
			buildSettings = {
				CODE_SIGN_STYLE = Automatic;
				CURRENT_PROJECT_VERSION = 1;
				DEVELOPMENT_TEAM = R29WN6MCN4;
				GENERATE_INFOPLIST_FILE = YES;
				IPHONEOS_DEPLOYMENT_TARGET = 18.0;
				MARKETING_VERSION = 1.0;
				PRODUCT_BUNDLE_IDENTIFIER = com.albertopaz.DynamicTimeUITests;
				PRODUCT_NAME = "$(TARGET_NAME)";
				SWIFT_EMIT_LOC_STRINGS = NO;
				SWIFT_VERSION = 5.0;
				TARGETED_DEVICE_FAMILY = "1,2";
				TEST_TARGET_NAME = DynamicTime;
			};
			name = Debug;
		};
		D3C03CFC2DB440CE002E1171 /* Release */ = {
			isa = XCBuildConfiguration;
			buildSettings = {
				CODE_SIGN_STYLE = Automatic;
				CURRENT_PROJECT_VERSION = 1;
				DEVELOPMENT_TEAM = R29WN6MCN4;
				GENERATE_INFOPLIST_FILE = YES;
				IPHONEOS_DEPLOYMENT_TARGET = 18.0;
				MARKETING_VERSION = 1.0;
				PRODUCT_BUNDLE_IDENTIFIER = com.albertopaz.DynamicTimeUITests;
				PRODUCT_NAME = "$(TARGET_NAME)";
				SWIFT_EMIT_LOC_STRINGS = NO;
				SWIFT_VERSION = 5.0;
				TARGETED_DEVICE_FAMILY = "1,2";
				TEST_TARGET_NAME = DynamicTime;
			};
			name = Release;
		};
/* End XCBuildConfiguration section */

/* Begin XCConfigurationList section */
		D312063F2DB444F300A89741 /* Build configuration list for PBXNativeTarget "DynamicTimeWidgetExtension" */ = {
			isa = XCConfigurationList;
			buildConfigurations = (
				D31206402DB444F300A89741 /* Debug */,
				D31206412DB444F300A89741 /* Release */,
			);
			defaultConfigurationIsVisible = 0;
			defaultConfigurationName = Release;
		};
		D3C03CCE2DB440CC002E1171 /* Build configuration list for PBXProject "DynamicTime" */ = {
			isa = XCConfigurationList;
			buildConfigurations = (
				D3C03CF22DB440CE002E1171 /* Debug */,
				D3C03CF32DB440CE002E1171 /* Release */,
			);
			defaultConfigurationIsVisible = 0;
			defaultConfigurationName = Release;
		};
		D3C03CF42DB440CE002E1171 /* Build configuration list for PBXNativeTarget "DynamicTime" */ = {
			isa = XCConfigurationList;
			buildConfigurations = (
				D3C03CF52DB440CE002E1171 /* Debug */,
				D3C03CF62DB440CE002E1171 /* Release */,
			);
			defaultConfigurationIsVisible = 0;
			defaultConfigurationName = Release;
		};
		D3C03CF72DB440CE002E1171 /* Build configuration list for PBXNativeTarget "DynamicTimeTests" */ = {
			isa = XCConfigurationList;
			buildConfigurations = (
				D3C03CF82DB440CE002E1171 /* Debug */,
				D3C03CF92DB440CE002E1171 /* Release */,
			);
			defaultConfigurationIsVisible = 0;
			defaultConfigurationName = Release;
		};
		D3C03CFA2DB440CE002E1171 /* Build configuration list for PBXNativeTarget "DynamicTimeUITests" */ = {
			isa = XCConfigurationList;
			buildConfigurations = (
				D3C03CFB2DB440CE002E1171 /* Debug */,
				D3C03CFC2DB440CE002E1171 /* Release */,
			);
			defaultConfigurationIsVisible = 0;
			defaultConfigurationName = Release;
		};
/* End XCConfigurationList section */
	};
	rootObject = D3C03CCB2DB440CC002E1171 /* Project object */;
}
